
Microsoft Visual Studio Solution File, Format Version 12.00
# Visual Studio Version 16
VisualStudioVersion = 16.0.29001.49
MinimumVisualStudioVersion = 10.0.40219.1
Project("{9A19103F-16F7-4668-BE54-9A1E7A4F7556}") = "FriendsApp", "FriendsApp\FriendsApp.csproj", "{6901D3DA-3DCB-44A8-89D8-AC24F667CE8D}"
EndProject
Project("{FAE04EC0-301F-11D3-BF4B-00C04F79EFBC}") = "FriendsApp.Android", "FriendsApp.Android\FriendsApp.Android.csproj", "{9E511935-590F-4E27-BC6F-6D9FC14F30A9}"
EndProject
Project("{FAE04EC0-301F-11D3-BF4B-00C04F79EFBC}") = "FriendsApp.iOS", "FriendsApp.iOS\FriendsApp.iOS.csproj", "{F048C2C4-D850-4810-B414-5C68C51E8D0F}"
EndProject
Project("{FAE04EC0-301F-11D3-BF4B-00C04F79EFBC}") = "FriendsApp.Tests", "FriendsApp.Tests\FriendsApp.Tests.csproj", "{A115F70D-17A7-4939-9155-E34731B6A3F7}"
EndProject
Global
	GlobalSection(SolutionConfigurationPlatforms) = preSolution
		Debug|Any CPU = Debug|Any CPU
		Debug|iPhone = Debug|iPhone
		Debug|iPhoneSimulator = Debug|iPhoneSimulator
		Release|Any CPU = Release|Any CPU
		Release|iPhone = Release|iPhone
		Release|iPhoneSimulator = Release|iPhoneSimulator
	EndGlobalSection
	GlobalSection(ProjectConfigurationPlatforms) = postSolution
		{6901D3DA-3DCB-44A8-89D8-AC24F667CE8D}.Debug|Any CPU.ActiveCfg = Debug|Any CPU
		{6901D3DA-3DCB-44A8-89D8-AC24F667CE8D}.Debug|Any CPU.Build.0 = Debug|Any CPU
		{6901D3DA-3DCB-44A8-89D8-AC24F667CE8D}.Debug|iPhone.ActiveCfg = Debug|Any CPU
		{6901D3DA-3DCB-44A8-89D8-AC24F667CE8D}.Debug|iPhone.Build.0 = Debug|Any CPU
		{6901D3DA-3DCB-44A8-89D8-AC24F667CE8D}.Debug|iPhoneSimulator.ActiveCfg = Debug|Any CPU
		{6901D3DA-3DCB-44A8-89D8-AC24F667CE8D}.Debug|iPhoneSimulator.Build.0 = Debug|Any CPU
		{6901D3DA-3DCB-44A8-89D8-AC24F667CE8D}.Release|Any CPU.ActiveCfg = Release|Any CPU
		{6901D3DA-3DCB-44A8-89D8-AC24F667CE8D}.Release|Any CPU.Build.0 = Release|Any CPU
		{6901D3DA-3DCB-44A8-89D8-AC24F667CE8D}.Release|iPhone.ActiveCfg = Release|Any CPU
		{6901D3DA-3DCB-44A8-89D8-AC24F667CE8D}.Release|iPhone.Build.0 = Release|Any CPU
		{6901D3DA-3DCB-44A8-89D8-AC24F667CE8D}.Release|iPhoneSimulator.ActiveCfg = Release|Any CPU
		{6901D3DA-3DCB-44A8-89D8-AC24F667CE8D}.Release|iPhoneSimulator.Build.0 = Release|Any CPU
		{9E511935-590F-4E27-BC6F-6D9FC14F30A9}.Debug|Any CPU.ActiveCfg = Debug|Any CPU
		{9E511935-590F-4E27-BC6F-6D9FC14F30A9}.Debug|Any CPU.Build.0 = Debug|Any CPU
		{9E511935-590F-4E27-BC6F-6D9FC14F30A9}.Debug|Any CPU.Deploy.0 = Debug|Any CPU
		{9E511935-590F-4E27-BC6F-6D9FC14F30A9}.Debug|iPhone.ActiveCfg = Debug|Any CPU
		{9E511935-590F-4E27-BC6F-6D9FC14F30A9}.Debug|iPhone.Build.0 = Debug|Any CPU
		{9E511935-590F-4E27-BC6F-6D9FC14F30A9}.Debug|iPhone.Deploy.0 = Debug|Any CPU
		{9E511935-590F-4E27-BC6F-6D9FC14F30A9}.Debug|iPhoneSimulator.ActiveCfg = Debug|Any CPU
		{9E511935-590F-4E27-BC6F-6D9FC14F30A9}.Debug|iPhoneSimulator.Build.0 = Debug|Any CPU
		{9E511935-590F-4E27-BC6F-6D9FC14F30A9}.Debug|iPhoneSimulator.Deploy.0 = Debug|Any CPU
		{9E511935-590F-4E27-BC6F-6D9FC14F30A9}.Release|Any CPU.ActiveCfg = Release|Any CPU
		{9E511935-590F-4E27-BC6F-6D9FC14F30A9}.Release|Any CPU.Build.0 = Release|Any CPU
		{9E511935-590F-4E27-BC6F-6D9FC14F30A9}.Release|Any CPU.Deploy.0 = Release|Any CPU
		{9E511935-590F-4E27-BC6F-6D9FC14F30A9}.Release|iPhone.ActiveCfg = Release|Any CPU
		{9E511935-590F-4E27-BC6F-6D9FC14F30A9}.Release|iPhone.Build.0 = Release|Any CPU
		{9E511935-590F-4E27-BC6F-6D9FC14F30A9}.Release|iPhone.Deploy.0 = Release|Any CPU
		{9E511935-590F-4E27-BC6F-6D9FC14F30A9}.Release|iPhoneSimulator.ActiveCfg = Release|Any CPU
		{9E511935-590F-4E27-BC6F-6D9FC14F30A9}.Release|iPhoneSimulator.Build.0 = Release|Any CPU
		{9E511935-590F-4E27-BC6F-6D9FC14F30A9}.Release|iPhoneSimulator.Deploy.0 = Release|Any CPU
		{F048C2C4-D850-4810-B414-5C68C51E8D0F}.Debug|Any CPU.ActiveCfg = Debug|iPhone
		{F048C2C4-D850-4810-B414-5C68C51E8D0F}.Debug|iPhone.ActiveCfg = Debug|iPhone
		{F048C2C4-D850-4810-B414-5C68C51E8D0F}.Debug|iPhone.Build.0 = Debug|iPhone
		{F048C2C4-D850-4810-B414-5C68C51E8D0F}.Debug|iPhoneSimulator.ActiveCfg = Debug|iPhoneSimulator
		{F048C2C4-D850-4810-B414-5C68C51E8D0F}.Debug|iPhoneSimulator.Build.0 = Debug|iPhoneSimulator
		{F048C2C4-D850-4810-B414-5C68C51E8D0F}.Release|Any CPU.ActiveCfg = Release|iPhone
		{F048C2C4-D850-4810-B414-5C68C51E8D0F}.Release|iPhone.ActiveCfg = Release|iPhone
		{F048C2C4-D850-4810-B414-5C68C51E8D0F}.Release|iPhone.Build.0 = Release|iPhone
		{F048C2C4-D850-4810-B414-5C68C51E8D0F}.Release|iPhoneSimulator.ActiveCfg = Release|iPhoneSimulator
		{F048C2C4-D850-4810-B414-5C68C51E8D0F}.Release|iPhoneSimulator.Build.0 = Release|iPhoneSimulator
		{A115F70D-17A7-4939-9155-E34731B6A3F7}.Debug|Any CPU.ActiveCfg = Debug|Any CPU
		{A115F70D-17A7-4939-9155-E34731B6A3F7}.Debug|Any CPU.Build.0 = Debug|Any CPU
		{A115F70D-17A7-4939-9155-E34731B6A3F7}.Debug|iPhone.ActiveCfg = Debug|Any CPU
		{A115F70D-17A7-4939-9155-E34731B6A3F7}.Debug|iPhone.Build.0 = Debug|Any CPU
		{A115F70D-17A7-4939-9155-E34731B6A3F7}.Debug|iPhoneSimulator.ActiveCfg = Debug|Any CPU
		{A115F70D-17A7-4939-9155-E34731B6A3F7}.Debug|iPhoneSimulator.Build.0 = Debug|Any CPU
		{A115F70D-17A7-4939-9155-E34731B6A3F7}.Release|Any CPU.ActiveCfg = Release|Any CPU
		{A115F70D-17A7-4939-9155-E34731B6A3F7}.Release|Any CPU.Build.0 = Release|Any CPU
		{A115F70D-17A7-4939-9155-E34731B6A3F7}.Release|iPhone.ActiveCfg = Release|Any CPU
		{A115F70D-17A7-4939-9155-E34731B6A3F7}.Release|iPhone.Build.0 = Release|Any CPU
		{A115F70D-17A7-4939-9155-E34731B6A3F7}.Release|iPhoneSimulator.ActiveCfg = Release|Any CPU
		{A115F70D-17A7-4939-9155-E34731B6A3F7}.Release|iPhoneSimulator.Build.0 = Release|Any CPU
	EndGlobalSection
	GlobalSection(SolutionProperties) = preSolution
		HideSolutionNode = FALSE
	EndGlobalSection
	GlobalSection(ExtensibilityGlobals) = postSolution
		SolutionGuid = {8E1EC446-EAB8-4AF8-8E69-C05BAFB290E9}
	EndGlobalSection
EndGlobal
